// !$*UTF8*$!
{
	archiveVersion = 1;
	classes = {
	};
	objectVersion = 50;
	objects = {

/* Begin PBXBuildFile section */
		ECA78CEA2640DE8C00B8F265 /* AppDelegate.swift in Sources */ = {isa = PBXBuildFile; fileRef = ECA78CE92640DE8C00B8F265 /* AppDelegate.swift */; };
		ECA78CEC2640DE8C00B8F265 /* SceneDelegate.swift in Sources */ = {isa = PBXBuildFile; fileRef = ECA78CEB2640DE8C00B8F265 /* SceneDelegate.swift */; };
		ECA78CEE2640DE8C00B8F265 /* ViewController.swift in Sources */ = {isa = PBXBuildFile; fileRef = ECA78CED2640DE8C00B8F265 /* ViewController.swift */; };
		ECA78CF42640DE8C00B8F265 /* DOKKU.xcdatamodeld in Sources */ = {isa = PBXBuildFile; fileRef = ECA78CF22640DE8C00B8F265 /* DOKKU.xcdatamodeld */; };
		ECA78D052640EC4B00B8F265 /* Extension+UIView.swift in Sources */ = {isa = PBXBuildFile; fileRef = ECA78D042640EC4B00B8F265 /* Extension+UIView.swift */; };
		ECA78D152640FA1B00B8F265 /* DocumentTableViewCell.swift in Sources */ = {isa = PBXBuildFile; fileRef = ECA78D142640FA1B00B8F265 /* DocumentTableViewCell.swift */; };
		ECAF3C1E264297A700C88A34 /* DocumentRepository.swift in Sources */ = {isa = PBXBuildFile; fileRef = ECAF3C1D264297A700C88A34 /* DocumentRepository.swift */; };
		ECAF3C212642986200C88A34 /* AppHelper.swift in Sources */ = {isa = PBXBuildFile; fileRef = ECAF3C202642986200C88A34 /* AppHelper.swift */; };
		ECAF3C252642A01000C88A34 /* DocumentModel.swift in Sources */ = {isa = PBXBuildFile; fileRef = ECAF3C242642A01000C88A34 /* DocumentModel.swift */; };
		ECAF3C2A2642A6D900C88A34 /* DocumentDetailViewController.swift in Sources */ = {isa = PBXBuildFile; fileRef = ECAF3C292642A6D900C88A34 /* DocumentDetailViewController.swift */; };
		ECAF3C2F2642B59600C88A34 /* FetchableImage.swift in Sources */ = {isa = PBXBuildFile; fileRef = ECAF3C2E2642B59600C88A34 /* FetchableImage.swift */; };
		ECCE079326411D030022DC59 /* LaunchScreen.storyboard in Resources */ = {isa = PBXBuildFile; fileRef = ECA78CF72640DE8D00B8F265 /* LaunchScreen.storyboard */; };
		ECCE079526411D070022DC59 /* Main.storyboard in Resources */ = {isa = PBXBuildFile; fileRef = ECA78CEF2640DE8C00B8F265 /* Main.storyboard */; };
		ECCE079726411D0C0022DC59 /* Assets.xcassets in Resources */ = {isa = PBXBuildFile; fileRef = ECA78CF52640DE8D00B8F265 /* Assets.xcassets */; };
		ECCE079B26417E220022DC59 /* UpdateViewController.swift in Sources */ = {isa = PBXBuildFile; fileRef = ECCE079A26417E220022DC59 /* UpdateViewController.swift */; };
		ECCE079F26427BF40022DC59 /* CustomTextField.swift in Sources */ = {isa = PBXBuildFile; fileRef = ECCE079E26427BF40022DC59 /* CustomTextField.swift */; };
/* End PBXBuildFile section */

/* Begin PBXFileReference section */
		ECA78CE62640DE8C00B8F265 /* DOKKU.app */ = {isa = PBXFileReference; explicitFileType = wrapper.application; includeInIndex = 0; path = DOKKU.app; sourceTree = BUILT_PRODUCTS_DIR; };
		ECA78CE92640DE8C00B8F265 /* AppDelegate.swift */ = {isa = PBXFileReference; lastKnownFileType = sourcecode.swift; path = AppDelegate.swift; sourceTree = "<group>"; };
		ECA78CEB2640DE8C00B8F265 /* SceneDelegate.swift */ = {isa = PBXFileReference; lastKnownFileType = sourcecode.swift; path = SceneDelegate.swift; sourceTree = "<group>"; };
		ECA78CED2640DE8C00B8F265 /* ViewController.swift */ = {isa = PBXFileReference; lastKnownFileType = sourcecode.swift; path = ViewController.swift; sourceTree = "<group>"; };
		ECA78CF02640DE8C00B8F265 /* Base */ = {isa = PBXFileReference; lastKnownFileType = file.storyboard; name = Base; path = Base.lproj/Main.storyboard; sourceTree = "<group>"; };
		ECA78CF32640DE8C00B8F265 /* DOKKU.xcdatamodel */ = {isa = PBXFileReference; lastKnownFileType = wrapper.xcdatamodel; path = DOKKU.xcdatamodel; sourceTree = "<group>"; };
		ECA78CF52640DE8D00B8F265 /* Assets.xcassets */ = {isa = PBXFileReference; lastKnownFileType = folder.assetcatalog; path = Assets.xcassets; sourceTree = "<group>"; };
		ECA78CF82640DE8D00B8F265 /* Base */ = {isa = PBXFileReference; lastKnownFileType = file.storyboard; name = Base; path = Base.lproj/LaunchScreen.storyboard; sourceTree = "<group>"; };
		ECA78CFA2640DE8D00B8F265 /* Info.plist */ = {isa = PBXFileReference; lastKnownFileType = text.plist.xml; path = Info.plist; sourceTree = "<group>"; };
		ECA78D042640EC4B00B8F265 /* Extension+UIView.swift */ = {isa = PBXFileReference; lastKnownFileType = sourcecode.swift; path = "Extension+UIView.swift"; sourceTree = "<group>"; };
		ECA78D142640FA1B00B8F265 /* DocumentTableViewCell.swift */ = {isa = PBXFileReference; lastKnownFileType = sourcecode.swift; path = DocumentTableViewCell.swift; sourceTree = "<group>"; };
		ECAF3C1D264297A700C88A34 /* DocumentRepository.swift */ = {isa = PBXFileReference; lastKnownFileType = sourcecode.swift; path = DocumentRepository.swift; sourceTree = "<group>"; };
		ECAF3C202642986200C88A34 /* AppHelper.swift */ = {isa = PBXFileReference; lastKnownFileType = sourcecode.swift; path = AppHelper.swift; sourceTree = "<group>"; };
		ECAF3C242642A01000C88A34 /* DocumentModel.swift */ = {isa = PBXFileReference; lastKnownFileType = sourcecode.swift; path = DocumentModel.swift; sourceTree = "<group>"; };
		ECAF3C292642A6D900C88A34 /* DocumentDetailViewController.swift */ = {isa = PBXFileReference; lastKnownFileType = sourcecode.swift; path = DocumentDetailViewController.swift; sourceTree = "<group>"; };
		ECAF3C2E2642B59600C88A34 /* FetchableImage.swift */ = {isa = PBXFileReference; lastKnownFileType = sourcecode.swift; path = FetchableImage.swift; sourceTree = "<group>"; };
		ECCE079A26417E220022DC59 /* UpdateViewController.swift */ = {isa = PBXFileReference; lastKnownFileType = sourcecode.swift; path = UpdateViewController.swift; sourceTree = "<group>"; };
		ECCE079E26427BF40022DC59 /* CustomTextField.swift */ = {isa = PBXFileReference; lastKnownFileType = sourcecode.swift; path = CustomTextField.swift; sourceTree = "<group>"; };
/* End PBXFileReference section */

/* Begin PBXFrameworksBuildPhase section */
		ECA78CE32640DE8C00B8F265 /* Frameworks */ = {
			isa = PBXFrameworksBuildPhase;
			buildActionMask = 2147483647;
			files = (
			);
			runOnlyForDeploymentPostprocessing = 0;
		};
/* End PBXFrameworksBuildPhase section */

/* Begin PBXGroup section */
		ECA78CDD2640DE8C00B8F265 = {
			isa = PBXGroup;
			children = (
				ECA78CE82640DE8C00B8F265 /* DOKKU */,
				ECA78CE72640DE8C00B8F265 /* Products */,
			);
			sourceTree = "<group>";
		};
		ECA78CE72640DE8C00B8F265 /* Products */ = {
			isa = PBXGroup;
			children = (
				ECA78CE62640DE8C00B8F265 /* DOKKU.app */,
			);
			name = Products;
			sourceTree = "<group>";
		};
		ECA78CE82640DE8C00B8F265 /* DOKKU */ = {
			isa = PBXGroup;
			children = (
				ECAF3C2326429EE900C88A34 /* Model */,
				ECAF3C1C2642978800C88A34 /* Repository */,
				ECCE079D26427BE20022DC59 /* Helper */,
				ECCE079926417DDE0022DC59 /* update */,
				ECA78D072640F69800B8F265 /* document */,
				ECA78D032640EAA000B8F265 /* extensions */,
				ECA78CE92640DE8C00B8F265 /* AppDelegate.swift */,
				ECA78CEB2640DE8C00B8F265 /* SceneDelegate.swift */,
				ECA78CED2640DE8C00B8F265 /* ViewController.swift */,
				ECA78CEF2640DE8C00B8F265 /* Main.storyboard */,
				ECA78CF52640DE8D00B8F265 /* Assets.xcassets */,
				ECA78CF72640DE8D00B8F265 /* LaunchScreen.storyboard */,
				ECA78CFA2640DE8D00B8F265 /* Info.plist */,
				ECA78CF22640DE8C00B8F265 /* DOKKU.xcdatamodeld */,
			);
			path = DOKKU;
			sourceTree = "<group>";
		};
		ECA78D032640EAA000B8F265 /* extensions */ = {
			isa = PBXGroup;
			children = (
				ECA78D042640EC4B00B8F265 /* Extension+UIView.swift */,
			);
			path = extensions;
			sourceTree = "<group>";
		};
		ECA78D072640F69800B8F265 /* document */ = {
			isa = PBXGroup;
			children = (
				ECA78D142640FA1B00B8F265 /* DocumentTableViewCell.swift */,
				ECAF3C292642A6D900C88A34 /* DocumentDetailViewController.swift */,
			);
			path = document;
			sourceTree = "<group>";
		};
		ECAF3C1C2642978800C88A34 /* Repository */ = {
			isa = PBXGroup;
			children = (
				ECAF3C1D264297A700C88A34 /* DocumentRepository.swift */,
			);
			path = Repository;
			sourceTree = "<group>";
		};
		ECAF3C2326429EE900C88A34 /* Model */ = {
			isa = PBXGroup;
			children = (
				ECAF3C242642A01000C88A34 /* DocumentModel.swift */,
			);
			path = Model;
			sourceTree = "<group>";
		};
		ECCE079926417DDE0022DC59 /* update */ = {
			isa = PBXGroup;
			children = (
				ECCE079A26417E220022DC59 /* UpdateViewController.swift */,
			);
			path = update;
			sourceTree = "<group>";
		};
		ECCE079D26427BE20022DC59 /* Helper */ = {
			isa = PBXGroup;
			children = (
				ECCE079E26427BF40022DC59 /* CustomTextField.swift */,
				ECAF3C202642986200C88A34 /* AppHelper.swift */,
				ECAF3C2E2642B59600C88A34 /* FetchableImage.swift */,
			);
			path = Helper;
			sourceTree = "<group>";
		};
/* End PBXGroup section */

/* Begin PBXNativeTarget section */
		ECA78CE52640DE8C00B8F265 /* DOKKU */ = {
			isa = PBXNativeTarget;
			buildConfigurationList = ECA78CFD2640DE8D00B8F265 /* Build configuration list for PBXNativeTarget "DOKKU" */;
			buildPhases = (
				ECA78CE22640DE8C00B8F265 /* Sources */,
				ECA78CE32640DE8C00B8F265 /* Frameworks */,
				ECCE079226411CF60022DC59 /* Resources */,
			);
			buildRules = (
			);
			dependencies = (
			);
			name = DOKKU;
			productName = DOKKU;
			productReference = ECA78CE62640DE8C00B8F265 /* DOKKU.app */;
			productType = "com.apple.product-type.application";
		};
/* End PBXNativeTarget section */

/* Begin PBXProject section */
		ECA78CDE2640DE8C00B8F265 /* Project object */ = {
			isa = PBXProject;
			attributes = {
				LastSwiftUpdateCheck = 1240;
				LastUpgradeCheck = 1240;
				TargetAttributes = {
					ECA78CE52640DE8C00B8F265 = {
						CreatedOnToolsVersion = 12.4;
					};
				};
			};
			buildConfigurationList = ECA78CE12640DE8C00B8F265 /* Build configuration list for PBXProject "DOKKU" */;
			compatibilityVersion = "Xcode 9.3";
			developmentRegion = en;
			hasScannedForEncodings = 0;
			knownRegions = (
				en,
				Base,
			);
			mainGroup = ECA78CDD2640DE8C00B8F265;
			productRefGroup = ECA78CE72640DE8C00B8F265 /* Products */;
			projectDirPath = "";
			projectRoot = "";
			targets = (
				ECA78CE52640DE8C00B8F265 /* DOKKU */,
			);
		};
/* End PBXProject section */

/* Begin PBXResourcesBuildPhase section */
		ECCE079226411CF60022DC59 /* Resources */ = {
			isa = PBXResourcesBuildPhase;
			buildActionMask = 2147483647;
			files = (
				ECCE079726411D0C0022DC59 /* Assets.xcassets in Resources */,
				ECCE079526411D070022DC59 /* Main.storyboard in Resources */,
				ECCE079326411D030022DC59 /* LaunchScreen.storyboard in Resources */,
			);
			runOnlyForDeploymentPostprocessing = 0;
		};
/* End PBXResourcesBuildPhase section */

/* Begin PBXSourcesBuildPhase section */
		ECA78CE22640DE8C00B8F265 /* Sources */ = {
			isa = PBXSourcesBuildPhase;
			buildActionMask = 2147483647;
			files = (
				ECAF3C1E264297A700C88A34 /* DocumentRepository.swift in Sources */,
				ECA78CF42640DE8C00B8F265 /* DOKKU.xcdatamodeld in Sources */,
				ECAF3C2A2642A6D900C88A34 /* DocumentDetailViewController.swift in Sources */,
				ECAF3C2F2642B59600C88A34 /* FetchableImage.swift in Sources */,
				ECA78CEE2640DE8C00B8F265 /* ViewController.swift in Sources */,
				ECA78D052640EC4B00B8F265 /* Extension+UIView.swift in Sources */,
				ECA78CEA2640DE8C00B8F265 /* AppDelegate.swift in Sources */,
				ECA78D152640FA1B00B8F265 /* DocumentTableViewCell.swift in Sources */,
				ECA78CEC2640DE8C00B8F265 /* SceneDelegate.swift in Sources */,
				ECCE079B26417E220022DC59 /* UpdateViewController.swift in Sources */,
				ECAF3C212642986200C88A34 /* AppHelper.swift in Sources */,
				ECAF3C252642A01000C88A34 /* DocumentModel.swift in Sources */,
				ECCE079F26427BF40022DC59 /* CustomTextField.swift in Sources */,
			);
			runOnlyForDeploymentPostprocessing = 0;
		};
/* End PBXSourcesBuildPhase section */

/* Begin PBXVariantGroup section */
		ECA78CEF2640DE8C00B8F265 /* Main.storyboard */ = {
			isa = PBXVariantGroup;
			children = (
				ECA78CF02640DE8C00B8F265 /* Base */,
			);
			name = Main.storyboard;
			sourceTree = "<group>";
		};
		ECA78CF72640DE8D00B8F265 /* LaunchScreen.storyboard */ = {
			isa = PBXVariantGroup;
			children = (
				ECA78CF82640DE8D00B8F265 /* Base */,
			);
			name = LaunchScreen.storyboard;
			sourceTree = "<group>";
		};
/* End PBXVariantGroup section */

/* Begin XCBuildConfiguration section */
		ECA78CFB2640DE8D00B8F265 /* Debug */ = {
			isa = XCBuildConfiguration;
			buildSettings = {
				ALWAYS_SEARCH_USER_PATHS = NO;
				CLANG_ANALYZER_NONNULL = YES;
				CLANG_ANALYZER_NUMBER_OBJECT_CONVERSION = YES_AGGRESSIVE;
				CLANG_CXX_LANGUAGE_STANDARD = "gnu++14";
				CLANG_CXX_LIBRARY = "libc++";
				CLANG_ENABLE_MODULES = YES;
				CLANG_ENABLE_OBJC_ARC = YES;
				CLANG_ENABLE_OBJC_WEAK = YES;
				CLANG_WARN_BLOCK_CAPTURE_AUTORELEASING = YES;
				CLANG_WARN_BOOL_CONVERSION = YES;
				CLANG_WARN_COMMA = YES;
				CLANG_WARN_CONSTANT_CONVERSION = YES;
				CLANG_WARN_DEPRECATED_OBJC_IMPLEMENTATIONS = YES;
				CLANG_WARN_DIRECT_OBJC_ISA_USAGE = YES_ERROR;
				CLANG_WARN_DOCUMENTATION_COMMENTS = YES;
				CLANG_WARN_EMPTY_BODY = YES;
				CLANG_WARN_ENUM_CONVERSION = YES;
				CLANG_WARN_INFINITE_RECURSION = YES;
				CLANG_WARN_INT_CONVERSION = YES;
				CLANG_WARN_NON_LITERAL_NULL_CONVERSION = YES;
				CLANG_WARN_OBJC_IMPLICIT_RETAIN_SELF = YES;
				CLANG_WARN_OBJC_LITERAL_CONVERSION = YES;
				CLANG_WARN_OBJC_ROOT_CLASS = YES_ERROR;
				CLANG_WARN_QUOTED_INCLUDE_IN_FRAMEWORK_HEADER = YES;
				CLANG_WARN_RANGE_LOOP_ANALYSIS = YES;
				CLANG_WARN_STRICT_PROTOTYPES = YES;
				CLANG_WARN_SUSPICIOUS_MOVE = YES;
				CLANG_WARN_UNGUARDED_AVAILABILITY = YES_AGGRESSIVE;
				CLANG_WARN_UNREACHABLE_CODE = YES;
				CLANG_WARN__DUPLICATE_METHOD_MATCH = YES;
				COPY_PHASE_STRIP = NO;
				DEBUG_INFORMATION_FORMAT = dwarf;
				ENABLE_STRICT_OBJC_MSGSEND = YES;
				ENABLE_TESTABILITY = YES;
				GCC_C_LANGUAGE_STANDARD = gnu11;
				GCC_DYNAMIC_NO_PIC = NO;
				GCC_NO_COMMON_BLOCKS = YES;
				GCC_OPTIMIZATION_LEVEL = 0;
				GCC_PREPROCESSOR_DEFINITIONS = (
					"DEBUG=1",
					"$(inherited)",
				);
				GCC_WARN_64_TO_32_BIT_CONVERSION = YES;
				GCC_WARN_ABOUT_RETURN_TYPE = YES_ERROR;
				GCC_WARN_UNDECLARED_SELECTOR = YES;
				GCC_WARN_UNINITIALIZED_AUTOS = YES_AGGRESSIVE;
				GCC_WARN_UNUSED_FUNCTION = YES;
				GCC_WARN_UNUSED_VARIABLE = YES;
				IPHONEOS_DEPLOYMENT_TARGET = 14.4;
				MTL_ENABLE_DEBUG_INFO = INCLUDE_SOURCE;
				MTL_FAST_MATH = YES;
				ONLY_ACTIVE_ARCH = YES;
				SDKROOT = iphoneos;
				SWIFT_ACTIVE_COMPILATION_CONDITIONS = DEBUG;
				SWIFT_OPTIMIZATION_LEVEL = "-Onone";
			};
			name = Debug;
		};
		ECA78CFC2640DE8D00B8F265 /* Release */ = {
			isa = XCBuildConfiguration;
			buildSettings = {
				ALWAYS_SEARCH_USER_PATHS = NO;
				CLANG_ANALYZER_NONNULL = YES;
				CLANG_ANALYZER_NUMBER_OBJECT_CONVERSION = YES_AGGRESSIVE;
				CLANG_CXX_LANGUAGE_STANDARD = "gnu++14";
				CLANG_CXX_LIBRARY = "libc++";
				CLANG_ENABLE_MODULES = YES;
				CLANG_ENABLE_OBJC_ARC = YES;
				CLANG_ENABLE_OBJC_WEAK = YES;
				CLANG_WARN_BLOCK_CAPTURE_AUTORELEASING = YES;
				CLANG_WARN_BOOL_CONVERSION = YES;
				CLANG_WARN_COMMA = YES;
				CLANG_WARN_CONSTANT_CONVERSION = YES;
				CLANG_WARN_DEPRECATED_OBJC_IMPLEMENTATIONS = YES;
				CLANG_WARN_DIRECT_OBJC_ISA_USAGE = YES_ERROR;
				CLANG_WARN_DOCUMENTATION_COMMENTS = YES;
				CLANG_WARN_EMPTY_BODY = YES;
				CLANG_WARN_ENUM_CONVERSION = YES;
				CLANG_WARN_INFINITE_RECURSION = YES;
				CLANG_WARN_INT_CONVERSION = YES;
				CLANG_WARN_NON_LITERAL_NULL_CONVERSION = YES;
				CLANG_WARN_OBJC_IMPLICIT_RETAIN_SELF = YES;
				CLANG_WARN_OBJC_LITERAL_CONVERSION = YES;
				CLANG_WARN_OBJC_ROOT_CLASS = YES_ERROR;
				CLANG_WARN_QUOTED_INCLUDE_IN_FRAMEWORK_HEADER = YES;
				CLANG_WARN_RANGE_LOOP_ANALYSIS = YES;
				CLANG_WARN_STRICT_PROTOTYPES = YES;
				CLANG_WARN_SUSPICIOUS_MOVE = YES;
				CLANG_WARN_UNGUARDED_AVAILABILITY = YES_AGGRESSIVE;
				CLANG_WARN_UNREACHABLE_CODE = YES;
				CLANG_WARN__DUPLICATE_METHOD_MATCH = YES;
				COPY_PHASE_STRIP = NO;
				DEBUG_INFORMATION_FORMAT = "dwarf-with-dsym";
				ENABLE_NS_ASSERTIONS = NO;
				ENABLE_STRICT_OBJC_MSGSEND = YES;
				GCC_C_LANGUAGE_STANDARD = gnu11;
				GCC_NO_COMMON_BLOCKS = YES;
				GCC_WARN_64_TO_32_BIT_CONVERSION = YES;
				GCC_WARN_ABOUT_RETURN_TYPE = YES_ERROR;
				GCC_WARN_UNDECLARED_SELECTOR = YES;
				GCC_WARN_UNINITIALIZED_AUTOS = YES_AGGRESSIVE;
				GCC_WARN_UNUSED_FUNCTION = YES;
				GCC_WARN_UNUSED_VARIABLE = YES;
				IPHONEOS_DEPLOYMENT_TARGET = 14.4;
				MTL_ENABLE_DEBUG_INFO = NO;
				MTL_FAST_MATH = YES;
				SDKROOT = iphoneos;
				SWIFT_COMPILATION_MODE = wholemodule;
				SWIFT_OPTIMIZATION_LEVEL = "-O";
				VALIDATE_PRODUCT = YES;
			};
			name = Release;
		};
		ECA78CFE2640DE8D00B8F265 /* Debug */ = {
			isa = XCBuildConfiguration;
			buildSettings = {
				ASSETCATALOG_COMPILER_APPICON_NAME = AppIcon;
				ASSETCATALOG_COMPILER_GLOBAL_ACCENT_COLOR_NAME = AccentColor;
				CODE_SIGN_STYLE = Automatic;
				DEVELOPMENT_TEAM = 25T7L593ZA;
				INFOPLIST_FILE = DOKKU/Info.plist;
				LD_RUNPATH_SEARCH_PATHS = (
					"$(inherited)",
					"@executable_path/Frameworks",
				);
				PRODUCT_BUNDLE_IDENTIFIER = com.nubi.DOKKU;
				PRODUCT_NAME = "$(TARGET_NAME)";
				SWIFT_VERSION = 5.0;
				TARGETED_DEVICE_FAMILY = "1,2";
			};
			name = Debug;
		};
		ECA78CFF2640DE8D00B8F265 /* Release */ = {
			isa = XCBuildConfiguration;
			buildSettings = {
				ASSETCATALOG_COMPILER_APPICON_NAME = AppIcon;
				ASSETCATALOG_COMPILER_GLOBAL_ACCENT_COLOR_NAME = AccentColor;
				CODE_SIGN_STYLE = Automatic;
				DEVELOPMENT_TEAM = 25T7L593ZA;
				INFOPLIST_FILE = DOKKU/Info.plist;
				LD_RUNPATH_SEARCH_PATHS = (
					"$(inherited)",
					"@executable_path/Frameworks",
				);
				PRODUCT_BUNDLE_IDENTIFIER = com.nubi.DOKKU;
				PRODUCT_NAME = "$(TARGET_NAME)";
				SWIFT_VERSION = 5.0;
				TARGETED_DEVICE_FAMILY = "1,2";
			};
			name = Release;
		};
/* End XCBuildConfiguration section */

/* Begin XCConfigurationList section */
		ECA78CE12640DE8C00B8F265 /* Build configuration list for PBXProject "DOKKU" */ = {
			isa = XCConfigurationList;
			buildConfigurations = (
				ECA78CFB2640DE8D00B8F265 /* Debug */,
				ECA78CFC2640DE8D00B8F265 /* Release */,
			);
			defaultConfigurationIsVisible = 0;
			defaultConfigurationName = Release;
		};
		ECA78CFD2640DE8D00B8F265 /* Build configuration list for PBXNativeTarget "DOKKU" */ = {
			isa = XCConfigurationList;
			buildConfigurations = (
				ECA78CFE2640DE8D00B8F265 /* Debug */,
				ECA78CFF2640DE8D00B8F265 /* Release */,
			);
			defaultConfigurationIsVisible = 0;
			defaultConfigurationName = Release;
		};
/* End XCConfigurationList section */

/* Begin XCVersionGroup section */
		ECA78CF22640DE8C00B8F265 /* DOKKU.xcdatamodeld */ = {
			isa = XCVersionGroup;
			children = (
				ECA78CF32640DE8C00B8F265 /* DOKKU.xcdatamodel */,
			);
			currentVersion = ECA78CF32640DE8C00B8F265 /* DOKKU.xcdatamodel */;
			path = DOKKU.xcdatamodeld;
			sourceTree = "<group>";
			versionGroupType = wrapper.xcdatamodel;
		};
/* End XCVersionGroup section */
	};
	rootObject = ECA78CDE2640DE8C00B8F265 /* Project object */;
}
